
Microsoft Visual Studio Solution File, Format Version 11.00
# Visual Studio 2010
Project("{FAE04EC0-301F-11D3-BF4B-00C04F79EFBC}") = "ConsoleApplicationNextDay", "ConsoleApplicationNextDay\ConsoleApplicationNextDay.csproj", "{3E1CFE9E-BE4D-4299-BBBB-0A264E7F02EA}"
EndProject
Project("{FAE04EC0-301F-11D3-BF4B-00C04F79EFBC}") = "ConsoleApplicationCalculaAnyo", "ConsoleApplicationCalculaAnyo\ConsoleApplicationCalculaAnyo.csproj", "{9E22DB07-1549-4617-988D-7CDAE0364C9B}"
EndProject
Global
	GlobalSection(SolutionConfigurationPlatforms) = preSolution
		Debug|x86 = Debug|x86
		Release|x86 = Release|x86
	EndGlobalSection
	GlobalSection(ProjectConfigurationPlatforms) = postSolution
		{3E1CFE9E-BE4D-4299-BBBB-0A264E7F02EA}.Debug|x86.ActiveCfg = Debug|x86
		{3E1CFE9E-BE4D-4299-BBBB-0A264E7F02EA}.Debug|x86.Build.0 = Debug|x86
		{3E1CFE9E-BE4D-4299-BBBB-0A264E7F02EA}.Release|x86.ActiveCfg = Release|x86
		{3E1CFE9E-BE4D-4299-BBBB-0A264E7F02EA}.Release|x86.Build.0 = Release|x86
		{9E22DB07-1549-4617-988D-7CDAE0364C9B}.Debug|x86.ActiveCfg = Debug|x86
		{9E22DB07-1549-4617-988D-7CDAE0364C9B}.Debug|x86.Build.0 = Debug|x86
		{9E22DB07-1549-4617-988D-7CDAE0364C9B}.Release|x86.ActiveCfg = Release|x86
		{9E22DB07-1549-4617-988D-7CDAE0364C9B}.Release|x86.Build.0 = Release|x86
	EndGlobalSection
	GlobalSection(SolutionProperties) = preSolution
		HideSolutionNode = FALSE
	EndGlobalSection
EndGlobal
